schema: '2.0'
stages:
  data_ingestion:
    cmd: python src/Mlflow_project/pipeline/st_01_data_ingestion.py
    deps:
    - path: config/config.yaml
      hash: md5
      md5: 9188ba897d87e929592dc0c0a810518d
      size: 615
    - path: src/Mlflow_project/pipeline/st_01_data_ingestion.py
      hash: md5
      md5: 8f5b89f476c0028cea06371bd4b66005
      size: 1586
    outs:
    - path: resources/data_ingestion/Brain_MRI_scan_images
      hash: md5
      md5: c9e7f1257a19fab865eed79bd94138b3.dir
      size: 132449254
      nfiles: 5712
  prepare_base_model:
    cmd: python src/Mlflow_project/pipeline/st_02_base_model.py
    deps:
    - path: config/config.yaml
      hash: md5
      md5: 9188ba897d87e929592dc0c0a810518d
      size: 615
    - path: src/Mlflow_project/pipeline/st_02_base_model.py
      hash: md5
      md5: 4b153a3de71cf7c9953801ca259b9d2f
      size: 1652
    params:
      params.yaml:
        CLASSES: 4
        IMAGE_SIZE:
        - 224
        - 224
        - 3
        INCLUDE_TOP: false
        LEARNING_RATE: 0.01
        WEIGHTS: imagenet
    outs:
    - path: resources/prepare_base_model
      hash: md5
      md5: 234ca6ee7e9d12f24ce0229aebb9994f.dir
      size: 118274328
      nfiles: 2
  training:
    cmd: python src/Mlflow_project/pipeline/st_03_model_training.py
    deps:
    - path: config/config.yaml
      hash: md5
      md5: 9188ba897d87e929592dc0c0a810518d
      size: 615
    - path: resources/data_ingestion/Brain_MRI_scan_images
      hash: md5
      md5: c9e7f1257a19fab865eed79bd94138b3.dir
      size: 132449254
      nfiles: 5712
    - path: resources/prepare_base_model
      hash: md5
      md5: 234ca6ee7e9d12f24ce0229aebb9994f.dir
      size: 118274328
      nfiles: 2
    - path: src/Mlflow_project/pipeline/st_03_model_training.py
      hash: md5
      md5: 5d5c759f77db2744ef24dcc3f6bf9740
      size: 1599
    params:
      params.yaml:
        AUGMENTATION: true
        BATCH_SIZE: 16
        EPOCHS: 1
        IMAGE_SIZE:
        - 224
        - 224
        - 3
    outs:
    - path: resources/model_trainer/trained_model.h5
      hash: md5
      md5: f53a119e738eaa3367907eee3d274023
      size: 59348248
  evaluation:
    cmd: python src/Mlflow_project/pipeline/st_04_model_evaluation.py
    deps:
    - path: config/config.yaml
      hash: md5
      md5: 9188ba897d87e929592dc0c0a810518d
      size: 615
    - path: resources/data_ingestion/Brain_MRI_scan_images
      hash: md5
      md5: c9e7f1257a19fab865eed79bd94138b3.dir
      size: 132449254
      nfiles: 5712
    - path: resources/model_trainer/trained_model.h5
      hash: md5
      md5: f53a119e738eaa3367907eee3d274023
      size: 59348248
    - path: src/Mlflow_project/pipeline/st_04_model_evaluation.py
      hash: md5
      md5: ca5b91a61c8a6673e9725ed42d1f9105
      size: 1603
    params:
      params.yaml:
        BATCH_SIZE: 16
        IMAGE_SIZE:
        - 224
        - 224
        - 3
    outs:
    - path: scores.json
      hash: md5
      md5: 8b175726a42485a5ae5f1228f9698209
      size: 72
